// !$*UTF8*$!
{
	archiveVersion = 1;
	classes = {
	};
	objectVersion = 51;
	objects = {

/* Begin PBXBuildFile section */
		04241F2925EBA7D200C2265C /* AppDelegate.swift in Sources */ = {isa = PBXBuildFile; fileRef = 04241F2825EBA7D200C2265C /* AppDelegate.swift */; };
		04241F2B25EBA7D200C2265C /* SceneDelegate.swift in Sources */ = {isa = PBXBuildFile; fileRef = 04241F2A25EBA7D200C2265C /* SceneDelegate.swift */; };
		04241F2D25EBA7D200C2265C /* TodoListViewController.swift in Sources */ = {isa = PBXBuildFile; fileRef = 04241F2C25EBA7D200C2265C /* TodoListViewController.swift */; };
		04241F3225EBA7D600C2265C /* Assets.xcassets in Resources */ = {isa = PBXBuildFile; fileRef = 04241F3125EBA7D600C2265C /* Assets.xcassets */; };
		04241F3525EBA7D600C2265C /* LaunchScreen.storyboard in Resources */ = {isa = PBXBuildFile; fileRef = 04241F3325EBA7D600C2265C /* LaunchScreen.storyboard */; };
		04241F5225EBD7D000C2265C /* TodoListVCExtension.swift in Sources */ = {isa = PBXBuildFile; fileRef = 04241F5125EBD7D000C2265C /* TodoListVCExtension.swift */; };
		04241F5925EBE49900C2265C /* TodoListItem.swift in Sources */ = {isa = PBXBuildFile; fileRef = 04241F5825EBE49900C2265C /* TodoListItem.swift */; };
		04241F5F25EBFC2500C2265C /* Constants.swift in Sources */ = {isa = PBXBuildFile; fileRef = 04241F5E25EBFC2500C2265C /* Constants.swift */; };
		63E2176162C8B63F5153C4C0 /* Pods_devAYZ_TodoList.framework in Frameworks */ = {isa = PBXBuildFile; fileRef = EDCDF091CF6349DF83F44B20 /* Pods_devAYZ_TodoList.framework */; };
/* End PBXBuildFile section */

/* Begin PBXFileReference section */
		04241F2525EBA7D200C2265C /* devAYZ-TodoList.app */ = {isa = PBXFileReference; explicitFileType = wrapper.application; includeInIndex = 0; path = "devAYZ-TodoList.app"; sourceTree = BUILT_PRODUCTS_DIR; };
		04241F2825EBA7D200C2265C /* AppDelegate.swift */ = {isa = PBXFileReference; lastKnownFileType = sourcecode.swift; path = AppDelegate.swift; sourceTree = "<group>"; };
		04241F2A25EBA7D200C2265C /* SceneDelegate.swift */ = {isa = PBXFileReference; lastKnownFileType = sourcecode.swift; path = SceneDelegate.swift; sourceTree = "<group>"; };
		04241F2C25EBA7D200C2265C /* TodoListViewController.swift */ = {isa = PBXFileReference; lastKnownFileType = sourcecode.swift; path = TodoListViewController.swift; sourceTree = "<group>"; };
		04241F3125EBA7D600C2265C /* Assets.xcassets */ = {isa = PBXFileReference; lastKnownFileType = folder.assetcatalog; path = Assets.xcassets; sourceTree = "<group>"; };
		04241F3425EBA7D600C2265C /* Base */ = {isa = PBXFileReference; lastKnownFileType = file.storyboard; name = Base; path = Base.lproj/LaunchScreen.storyboard; sourceTree = "<group>"; };
		04241F3625EBA7D600C2265C /* Info.plist */ = {isa = PBXFileReference; lastKnownFileType = text.plist.xml; path = Info.plist; sourceTree = "<group>"; };
		04241F5125EBD7D000C2265C /* TodoListVCExtension.swift */ = {isa = PBXFileReference; lastKnownFileType = sourcecode.swift; path = TodoListVCExtension.swift; sourceTree = "<group>"; };
		04241F5825EBE49900C2265C /* TodoListItem.swift */ = {isa = PBXFileReference; lastKnownFileType = sourcecode.swift; path = TodoListItem.swift; sourceTree = "<group>"; };
		04241F5E25EBFC2500C2265C /* Constants.swift */ = {isa = PBXFileReference; lastKnownFileType = sourcecode.swift; path = Constants.swift; sourceTree = "<group>"; };
		7EC029DBA4ECCADB7955C62E /* Pods-devAYZ-TodoList.release.xcconfig */ = {isa = PBXFileReference; includeInIndex = 1; lastKnownFileType = text.xcconfig; name = "Pods-devAYZ-TodoList.release.xcconfig"; path = "Target Support Files/Pods-devAYZ-TodoList/Pods-devAYZ-TodoList.release.xcconfig"; sourceTree = "<group>"; };
		CBEADD5B2137C66EE089295F /* Pods-devAYZ-TodoList.debug.xcconfig */ = {isa = PBXFileReference; includeInIndex = 1; lastKnownFileType = text.xcconfig; name = "Pods-devAYZ-TodoList.debug.xcconfig"; path = "Target Support Files/Pods-devAYZ-TodoList/Pods-devAYZ-TodoList.debug.xcconfig"; sourceTree = "<group>"; };
		EDCDF091CF6349DF83F44B20 /* Pods_devAYZ_TodoList.framework */ = {isa = PBXFileReference; explicitFileType = wrapper.framework; includeInIndex = 0; path = Pods_devAYZ_TodoList.framework; sourceTree = BUILT_PRODUCTS_DIR; };
/* End PBXFileReference section */

/* Begin PBXFrameworksBuildPhase section */
		04241F2225EBA7D200C2265C /* Frameworks */ = {
			isa = PBXFrameworksBuildPhase;
			buildActionMask = 2147483647;
			files = (
				63E2176162C8B63F5153C4C0 /* Pods_devAYZ_TodoList.framework in Frameworks */,
			);
			runOnlyForDeploymentPostprocessing = 0;
		};
/* End PBXFrameworksBuildPhase section */

/* Begin PBXGroup section */
		04241F1C25EBA7D200C2265C = {
			isa = PBXGroup;
			children = (
				04241F2725EBA7D200C2265C /* devAYZ-TodoList */,
				04241F2625EBA7D200C2265C /* Products */,
				B27851950C2EA338559FEF62 /* Pods */,
				C4883965E0BE715E3C139AD8 /* Frameworks */,
			);
			sourceTree = "<group>";
		};
		04241F2625EBA7D200C2265C /* Products */ = {
			isa = PBXGroup;
			children = (
				04241F2525EBA7D200C2265C /* devAYZ-TodoList.app */,
			);
			name = Products;
			sourceTree = "<group>";
		};
		04241F2725EBA7D200C2265C /* devAYZ-TodoList */ = {
			isa = PBXGroup;
			children = (
				04241F5C25EBE7B500C2265C /* Extension */,
				04241F5725EBE46D00C2265C /* Model */,
				04241F2C25EBA7D200C2265C /* TodoListViewController.swift */,
				04241F3F25EBA8EA00C2265C /* Assets */,
				04241F3D25EBA8D500C2265C /* Supporting Files */,
			);
			path = "devAYZ-TodoList";
			sourceTree = "<group>";
		};
		04241F3D25EBA8D500C2265C /* Supporting Files */ = {
			isa = PBXGroup;
			children = (
				04241F2825EBA7D200C2265C /* AppDelegate.swift */,
				04241F2A25EBA7D200C2265C /* SceneDelegate.swift */,
				04241F3325EBA7D600C2265C /* LaunchScreen.storyboard */,
				04241F3625EBA7D600C2265C /* Info.plist */,
				04241F5E25EBFC2500C2265C /* Constants.swift */,
			);
			name = "Supporting Files";
			sourceTree = "<group>";
		};
		04241F3F25EBA8EA00C2265C /* Assets */ = {
			isa = PBXGroup;
			children = (
				04241F3125EBA7D600C2265C /* Assets.xcassets */,
			);
			name = Assets;
			sourceTree = "<group>";
		};
		04241F5725EBE46D00C2265C /* Model */ = {
			isa = PBXGroup;
			children = (
				04241F5825EBE49900C2265C /* TodoListItem.swift */,
			);
			name = Model;
			sourceTree = "<group>";
		};
		04241F5C25EBE7B500C2265C /* Extension */ = {
			isa = PBXGroup;
			children = (
				04241F5125EBD7D000C2265C /* TodoListVCExtension.swift */,
			);
			name = Extension;
			sourceTree = "<group>";
		};
		B27851950C2EA338559FEF62 /* Pods */ = {
			isa = PBXGroup;
			children = (
				CBEADD5B2137C66EE089295F /* Pods-devAYZ-TodoList.debug.xcconfig */,
				7EC029DBA4ECCADB7955C62E /* Pods-devAYZ-TodoList.release.xcconfig */,
			);
			path = Pods;
			sourceTree = "<group>";
		};
		C4883965E0BE715E3C139AD8 /* Frameworks */ = {
			isa = PBXGroup;
			children = (
				EDCDF091CF6349DF83F44B20 /* Pods_devAYZ_TodoList.framework */,
			);
			name = Frameworks;
			sourceTree = "<group>";
		};
/* End PBXGroup section */

/* Begin PBXNativeTarget section */
		04241F2425EBA7D200C2265C /* devAYZ-TodoList */ = {
			isa = PBXNativeTarget;
			buildConfigurationList = 04241F3925EBA7D600C2265C /* Build configuration list for PBXNativeTarget "devAYZ-TodoList" */;
			buildPhases = (
				80666000B117F8DDAF1797F9 /* [CP] Check Pods Manifest.lock */,
				04241F2125EBA7D200C2265C /* Sources */,
				04241F2225EBA7D200C2265C /* Frameworks */,
				04241F2325EBA7D200C2265C /* Resources */,
				AB776D200B0B133E052A445B /* [CP] Embed Pods Frameworks */,
			);
			buildRules = (
			);
			dependencies = (
			);
			name = "devAYZ-TodoList";
			productName = "devAYZ-TodoList";
			productReference = 04241F2525EBA7D200C2265C /* devAYZ-TodoList.app */;
			productType = "com.apple.product-type.application";
		};
/* End PBXNativeTarget section */

/* Begin PBXProject section */
		04241F1D25EBA7D200C2265C /* Project object */ = {
			isa = PBXProject;
			attributes = {
				LastSwiftUpdateCheck = 1240;
				LastUpgradeCheck = 1240;
				TargetAttributes = {
					04241F2425EBA7D200C2265C = {
						CreatedOnToolsVersion = 12.4;
					};
				};
			};
			buildConfigurationList = 04241F2025EBA7D200C2265C /* Build configuration list for PBXProject "devAYZ-TodoList" */;
			compatibilityVersion = "Xcode 9.3";
			developmentRegion = en;
			hasScannedForEncodings = 0;
			knownRegions = (
				en,
				Base,
			);
			mainGroup = 04241F1C25EBA7D200C2265C;
			productRefGroup = 04241F2625EBA7D200C2265C /* Products */;
			projectDirPath = "";
			projectRoot = "";
			targets = (
				04241F2425EBA7D200C2265C /* devAYZ-TodoList */,
			);
		};
/* End PBXProject section */

/* Begin PBXResourcesBuildPhase section */
		04241F2325EBA7D200C2265C /* Resources */ = {
			isa = PBXResourcesBuildPhase;
			buildActionMask = 2147483647;
			files = (
				04241F3525EBA7D600C2265C /* LaunchScreen.storyboard in Resources */,
				04241F3225EBA7D600C2265C /* Assets.xcassets in Resources */,
			);
			runOnlyForDeploymentPostprocessing = 0;
		};
/* End PBXResourcesBuildPhase section */

/* Begin PBXShellScriptBuildPhase section */
		80666000B117F8DDAF1797F9 /* [CP] Check Pods Manifest.lock */ = {
			isa = PBXShellScriptBuildPhase;
			buildActionMask = 2147483647;
			files = (
			);
			inputFileListPaths = (
			);
			inputPaths = (
				"${PODS_PODFILE_DIR_PATH}/Podfile.lock",
				"${PODS_ROOT}/Manifest.lock",
			);
			name = "[CP] Check Pods Manifest.lock";
			outputFileListPaths = (
			);
			outputPaths = (
				"$(DERIVED_FILE_DIR)/Pods-devAYZ-TodoList-checkManifestLockResult.txt",
			);
			runOnlyForDeploymentPostprocessing = 0;
			shellPath = /bin/sh;
			shellScript = "diff \"${PODS_PODFILE_DIR_PATH}/Podfile.lock\" \"${PODS_ROOT}/Manifest.lock\" > /dev/null\nif [ $? != 0 ] ; then\n    # print error to STDERR\n    echo \"error: The sandbox is not in sync with the Podfile.lock. Run 'pod install' or update your CocoaPods installation.\" >&2\n    exit 1\nfi\n# This output is used by Xcode 'outputs' to avoid re-running this script phase.\necho \"SUCCESS\" > \"${SCRIPT_OUTPUT_FILE_0}\"\n";
			showEnvVarsInLog = 0;
		};
		AB776D200B0B133E052A445B /* [CP] Embed Pods Frameworks */ = {
			isa = PBXShellScriptBuildPhase;
			buildActionMask = 2147483647;
			files = (
			);
			inputFileListPaths = (
				"${PODS_ROOT}/Target Support Files/Pods-devAYZ-TodoList/Pods-devAYZ-TodoList-frameworks-${CONFIGURATION}-input-files.xcfilelist",
			);
			name = "[CP] Embed Pods Frameworks";
			outputFileListPaths = (
				"${PODS_ROOT}/Target Support Files/Pods-devAYZ-TodoList/Pods-devAYZ-TodoList-frameworks-${CONFIGURATION}-output-files.xcfilelist",
			);
			runOnlyForDeploymentPostprocessing = 0;
			shellPath = /bin/sh;
			shellScript = "\"${PODS_ROOT}/Target Support Files/Pods-devAYZ-TodoList/Pods-devAYZ-TodoList-frameworks.sh\"\n";
			showEnvVarsInLog = 0;
		};
/* End PBXShellScriptBuildPhase section */

/* Begin PBXSourcesBuildPhase section */
		04241F2125EBA7D200C2265C /* Sources */ = {
			isa = PBXSourcesBuildPhase;
			buildActionMask = 2147483647;
			files = (
				04241F5925EBE49900C2265C /* TodoListItem.swift in Sources */,
				04241F5225EBD7D000C2265C /* TodoListVCExtension.swift in Sources */,
				04241F2D25EBA7D200C2265C /* TodoListViewController.swift in Sources */,
				04241F2925EBA7D200C2265C /* AppDelegate.swift in Sources */,
				04241F2B25EBA7D200C2265C /* SceneDelegate.swift in Sources */,
				04241F5F25EBFC2500C2265C /* Constants.swift in Sources */,
			);
			runOnlyForDeploymentPostprocessing = 0;
		};
/* End PBXSourcesBuildPhase section */

/* Begin PBXVariantGroup section */
		04241F3325EBA7D600C2265C /* LaunchScreen.storyboard */ = {
			isa = PBXVariantGroup;
			children = (
				04241F3425EBA7D600C2265C /* Base */,
			);
			name = LaunchScreen.storyboard;
			sourceTree = "<group>";
		};
/* End PBXVariantGroup section */

/* Begin XCBuildConfiguration section */
		04241F3725EBA7D600C2265C /* Debug */ = {
			isa = XCBuildConfiguration;
			buildSettings = {
				ALWAYS_SEARCH_USER_PATHS = NO;
				CLANG_ANALYZER_NONNULL = YES;
				CLANG_ANALYZER_NUMBER_OBJECT_CONVERSION = YES_AGGRESSIVE;
				CLANG_CXX_LANGUAGE_STANDARD = "gnu++14";
				CLANG_CXX_LIBRARY = "libc++";
				CLANG_ENABLE_MODULES = YES;
				CLANG_ENABLE_OBJC_ARC = YES;
				CLANG_ENABLE_OBJC_WEAK = YES;
				CLANG_WARN_BLOCK_CAPTURE_AUTORELEASING = YES;
				CLANG_WARN_BOOL_CONVERSION = YES;
				CLANG_WARN_COMMA = YES;
				CLANG_WARN_CONSTANT_CONVERSION = YES;
				CLANG_WARN_DEPRECATED_OBJC_IMPLEMENTATIONS = YES;
				CLANG_WARN_DIRECT_OBJC_ISA_USAGE = YES_ERROR;
				CLANG_WARN_DOCUMENTATION_COMMENTS = YES;
				CLANG_WARN_EMPTY_BODY = YES;
				CLANG_WARN_ENUM_CONVERSION = YES;
				CLANG_WARN_INFINITE_RECURSION = YES;
				CLANG_WARN_INT_CONVERSION = YES;
				CLANG_WARN_NON_LITERAL_NULL_CONVERSION = YES;
				CLANG_WARN_OBJC_IMPLICIT_RETAIN_SELF = YES;
				CLANG_WARN_OBJC_LITERAL_CONVERSION = YES;
				CLANG_WARN_OBJC_ROOT_CLASS = YES_ERROR;
				CLANG_WARN_QUOTED_INCLUDE_IN_FRAMEWORK_HEADER = YES;
				CLANG_WARN_RANGE_LOOP_ANALYSIS = YES;
				CLANG_WARN_STRICT_PROTOTYPES = YES;
				CLANG_WARN_SUSPICIOUS_MOVE = YES;
				CLANG_WARN_UNGUARDED_AVAILABILITY = YES_AGGRESSIVE;
				CLANG_WARN_UNREACHABLE_CODE = YES;
				CLANG_WARN__DUPLICATE_METHOD_MATCH = YES;
				COPY_PHASE_STRIP = NO;
				DEBUG_INFORMATION_FORMAT = dwarf;
				ENABLE_STRICT_OBJC_MSGSEND = YES;
				ENABLE_TESTABILITY = YES;
				GCC_C_LANGUAGE_STANDARD = gnu11;
				GCC_DYNAMIC_NO_PIC = NO;
				GCC_NO_COMMON_BLOCKS = YES;
				GCC_OPTIMIZATION_LEVEL = 0;
				GCC_PREPROCESSOR_DEFINITIONS = (
					"DEBUG=1",
					"$(inherited)",
				);
				GCC_WARN_64_TO_32_BIT_CONVERSION = YES;
				GCC_WARN_ABOUT_RETURN_TYPE = YES_ERROR;
				GCC_WARN_UNDECLARED_SELECTOR = YES;
				GCC_WARN_UNINITIALIZED_AUTOS = YES_AGGRESSIVE;
				GCC_WARN_UNUSED_FUNCTION = YES;
				GCC_WARN_UNUSED_VARIABLE = YES;
				IPHONEOS_DEPLOYMENT_TARGET = 14.4;
				MTL_ENABLE_DEBUG_INFO = INCLUDE_SOURCE;
				MTL_FAST_MATH = YES;
				ONLY_ACTIVE_ARCH = YES;
				SDKROOT = iphoneos;
				SWIFT_ACTIVE_COMPILATION_CONDITIONS = DEBUG;
				SWIFT_OPTIMIZATION_LEVEL = "-Onone";
			};
			name = Debug;
		};
		04241F3825EBA7D600C2265C /* Release */ = {
			isa = XCBuildConfiguration;
			buildSettings = {
				ALWAYS_SEARCH_USER_PATHS = NO;
				CLANG_ANALYZER_NONNULL = YES;
				CLANG_ANALYZER_NUMBER_OBJECT_CONVERSION = YES_AGGRESSIVE;
				CLANG_CXX_LANGUAGE_STANDARD = "gnu++14";
				CLANG_CXX_LIBRARY = "libc++";
				CLANG_ENABLE_MODULES = YES;
				CLANG_ENABLE_OBJC_ARC = YES;
				CLANG_ENABLE_OBJC_WEAK = YES;
				CLANG_WARN_BLOCK_CAPTURE_AUTORELEASING = YES;
				CLANG_WARN_BOOL_CONVERSION = YES;
				CLANG_WARN_COMMA = YES;
				CLANG_WARN_CONSTANT_CONVERSION = YES;
				CLANG_WARN_DEPRECATED_OBJC_IMPLEMENTATIONS = YES;
				CLANG_WARN_DIRECT_OBJC_ISA_USAGE = YES_ERROR;
				CLANG_WARN_DOCUMENTATION_COMMENTS = YES;
				CLANG_WARN_EMPTY_BODY = YES;
				CLANG_WARN_ENUM_CONVERSION = YES;
				CLANG_WARN_INFINITE_RECURSION = YES;
				CLANG_WARN_INT_CONVERSION = YES;
				CLANG_WARN_NON_LITERAL_NULL_CONVERSION = YES;
				CLANG_WARN_OBJC_IMPLICIT_RETAIN_SELF = YES;
				CLANG_WARN_OBJC_LITERAL_CONVERSION = YES;
				CLANG_WARN_OBJC_ROOT_CLASS = YES_ERROR;
				CLANG_WARN_QUOTED_INCLUDE_IN_FRAMEWORK_HEADER = YES;
				CLANG_WARN_RANGE_LOOP_ANALYSIS = YES;
				CLANG_WARN_STRICT_PROTOTYPES = YES;
				CLANG_WARN_SUSPICIOUS_MOVE = YES;
				CLANG_WARN_UNGUARDED_AVAILABILITY = YES_AGGRESSIVE;
				CLANG_WARN_UNREACHABLE_CODE = YES;
				CLANG_WARN__DUPLICATE_METHOD_MATCH = YES;
				COPY_PHASE_STRIP = NO;
				DEBUG_INFORMATION_FORMAT = "dwarf-with-dsym";
				ENABLE_NS_ASSERTIONS = NO;
				ENABLE_STRICT_OBJC_MSGSEND = YES;
				GCC_C_LANGUAGE_STANDARD = gnu11;
				GCC_NO_COMMON_BLOCKS = YES;
				GCC_WARN_64_TO_32_BIT_CONVERSION = YES;
				GCC_WARN_ABOUT_RETURN_TYPE = YES_ERROR;
				GCC_WARN_UNDECLARED_SELECTOR = YES;
				GCC_WARN_UNINITIALIZED_AUTOS = YES_AGGRESSIVE;
				GCC_WARN_UNUSED_FUNCTION = YES;
				GCC_WARN_UNUSED_VARIABLE = YES;
				IPHONEOS_DEPLOYMENT_TARGET = 14.4;
				MTL_ENABLE_DEBUG_INFO = NO;
				MTL_FAST_MATH = YES;
				SDKROOT = iphoneos;
				SWIFT_COMPILATION_MODE = wholemodule;
				SWIFT_OPTIMIZATION_LEVEL = "-O";
				VALIDATE_PRODUCT = YES;
			};
			name = Release;
		};
		04241F3A25EBA7D600C2265C /* Debug */ = {
			isa = XCBuildConfiguration;
			baseConfigurationReference = CBEADD5B2137C66EE089295F /* Pods-devAYZ-TodoList.debug.xcconfig */;
			buildSettings = {
				ASSETCATALOG_COMPILER_APPICON_NAME = AppIcon;
				ASSETCATALOG_COMPILER_GLOBAL_ACCENT_COLOR_NAME = AccentColor;
				CODE_SIGN_STYLE = Automatic;
				DEVELOPMENT_TEAM = LWU8V4B258;
				INFOPLIST_FILE = "devAYZ-TodoList/Info.plist";
				LD_RUNPATH_SEARCH_PATHS = (
					"$(inherited)",
					"@executable_path/Frameworks",
				);
				PRODUCT_BUNDLE_IDENTIFIER = "com.devAYZ.devAYZ-TodoList";
				PRODUCT_NAME = "$(TARGET_NAME)";
				SWIFT_VERSION = 5.0;
				TARGETED_DEVICE_FAMILY = 1;
			};
			name = Debug;
		};
		04241F3B25EBA7D600C2265C /* Release */ = {
			isa = XCBuildConfiguration;
			baseConfigurationReference = 7EC029DBA4ECCADB7955C62E /* Pods-devAYZ-TodoList.release.xcconfig */;
			buildSettings = {
				ASSETCATALOG_COMPILER_APPICON_NAME = AppIcon;
				ASSETCATALOG_COMPILER_GLOBAL_ACCENT_COLOR_NAME = AccentColor;
				CODE_SIGN_STYLE = Automatic;
				DEVELOPMENT_TEAM = LWU8V4B258;
				INFOPLIST_FILE = "devAYZ-TodoList/Info.plist";
				LD_RUNPATH_SEARCH_PATHS = (
					"$(inherited)",
					"@executable_path/Frameworks",
				);
				PRODUCT_BUNDLE_IDENTIFIER = "com.devAYZ.devAYZ-TodoList";
				PRODUCT_NAME = "$(TARGET_NAME)";
				SWIFT_VERSION = 5.0;
				TARGETED_DEVICE_FAMILY = 1;
			};
			name = Release;
		};
/* End XCBuildConfiguration section */

/* Begin XCConfigurationList section */
		04241F2025EBA7D200C2265C /* Build configuration list for PBXProject "devAYZ-TodoList" */ = {
			isa = XCConfigurationList;
			buildConfigurations = (
				04241F3725EBA7D600C2265C /* Debug */,
				04241F3825EBA7D600C2265C /* Release */,
			);
			defaultConfigurationIsVisible = 0;
			defaultConfigurationName = Release;
		};
		04241F3925EBA7D600C2265C /* Build configuration list for PBXNativeTarget "devAYZ-TodoList" */ = {
			isa = XCConfigurationList;
			buildConfigurations = (
				04241F3A25EBA7D600C2265C /* Debug */,
				04241F3B25EBA7D600C2265C /* Release */,
			);
			defaultConfigurationIsVisible = 0;
			defaultConfigurationName = Release;
		};
/* End XCConfigurationList section */
	};
	rootObject = 04241F1D25EBA7D200C2265C /* Project object */;
}
